
Microsoft Visual Studio Solution File, Format Version 12.00
# Visual Studio Version 17
VisualStudioVersion = 17.14.36203.30
MinimumVisualStudioVersion = 10.0.40219.1
Project("{FAE04EC0-301F-11D3-BF4B-00C04F79EFBC}") = "OpenAIProxyServer", "WebSocketEchoServer\OpenAIProxyServer.csproj", "{082116C0-4541-441A-B0A8-897087599DE9}"
	ProjectSection(ProjectDependencies) = postProject
		{A43C4C84-1AE1-47DA-9292-A408FB45CD03} = {A43C4C84-1AE1-47DA-9292-A408FB45CD03}
	EndProjectSection
EndProject
Project("{FAE04EC0-301F-11D3-BF4B-00C04F79EFBC}") = "XPlan", "XPlan\XPlan.csproj", "{6E3F5BD0-6316-4C5C-84C8-052BD4D39A67}"
EndProject
Project("{FAE04EC0-301F-11D3-BF4B-00C04F79EFBC}") = "XPlanTemplates", "..\..\..\Research\Backend HW\POSService\POSService\XPlanTemplates\XPlanTemplates.csproj", "{529E32BE-ABFC-83CE-891A-1388E9B2FF5C}"
EndProject
Project("{FAE04EC0-301F-11D3-BF4B-00C04F79EFBC}") = "Service", "Service\Service.csproj", "{496B9E63-E387-423E-9D6C-0FCE12342AFC}"
EndProject
Project("{FAE04EC0-301F-11D3-BF4B-00C04F79EFBC}") = "DataAccess", "DataAccess\DataAccess.csproj", "{94F80A57-6B89-4D11-81FE-DC1033F97B5A}"
	ProjectSection(ProjectDependencies) = postProject
		{A43C4C84-1AE1-47DA-9292-A408FB45CD03} = {A43C4C84-1AE1-47DA-9292-A408FB45CD03}
	EndProjectSection
EndProject
Project("{FAE04EC0-301F-11D3-BF4B-00C04F79EFBC}") = "Repository", "Repository\Repository.csproj", "{13F6BD31-BF7D-4564-B449-5B1119935596}"
EndProject
Project("{FAE04EC0-301F-11D3-BF4B-00C04F79EFBC}") = "Common", "Common\Common.csproj", "{A43C4C84-1AE1-47DA-9292-A408FB45CD03}"
EndProject
Global
	GlobalSection(SolutionConfigurationPlatforms) = preSolution
		Debug|Any CPU = Debug|Any CPU
		Release|Any CPU = Release|Any CPU
	EndGlobalSection
	GlobalSection(ProjectConfigurationPlatforms) = postSolution
		{082116C0-4541-441A-B0A8-897087599DE9}.Debug|Any CPU.ActiveCfg = Debug|Any CPU
		{082116C0-4541-441A-B0A8-897087599DE9}.Debug|Any CPU.Build.0 = Debug|Any CPU
		{082116C0-4541-441A-B0A8-897087599DE9}.Release|Any CPU.ActiveCfg = Release|Any CPU
		{082116C0-4541-441A-B0A8-897087599DE9}.Release|Any CPU.Build.0 = Release|Any CPU
		{6E3F5BD0-6316-4C5C-84C8-052BD4D39A67}.Debug|Any CPU.ActiveCfg = Debug|Any CPU
		{6E3F5BD0-6316-4C5C-84C8-052BD4D39A67}.Debug|Any CPU.Build.0 = Debug|Any CPU
		{6E3F5BD0-6316-4C5C-84C8-052BD4D39A67}.Release|Any CPU.ActiveCfg = Release|Any CPU
		{6E3F5BD0-6316-4C5C-84C8-052BD4D39A67}.Release|Any CPU.Build.0 = Release|Any CPU
		{529E32BE-ABFC-83CE-891A-1388E9B2FF5C}.Debug|Any CPU.ActiveCfg = Debug|Any CPU
		{529E32BE-ABFC-83CE-891A-1388E9B2FF5C}.Debug|Any CPU.Build.0 = Debug|Any CPU
		{529E32BE-ABFC-83CE-891A-1388E9B2FF5C}.Release|Any CPU.ActiveCfg = Release|Any CPU
		{529E32BE-ABFC-83CE-891A-1388E9B2FF5C}.Release|Any CPU.Build.0 = Release|Any CPU
		{496B9E63-E387-423E-9D6C-0FCE12342AFC}.Debug|Any CPU.ActiveCfg = Debug|Any CPU
		{496B9E63-E387-423E-9D6C-0FCE12342AFC}.Debug|Any CPU.Build.0 = Debug|Any CPU
		{496B9E63-E387-423E-9D6C-0FCE12342AFC}.Release|Any CPU.ActiveCfg = Release|Any CPU
		{496B9E63-E387-423E-9D6C-0FCE12342AFC}.Release|Any CPU.Build.0 = Release|Any CPU
		{94F80A57-6B89-4D11-81FE-DC1033F97B5A}.Debug|Any CPU.ActiveCfg = Debug|Any CPU
		{94F80A57-6B89-4D11-81FE-DC1033F97B5A}.Debug|Any CPU.Build.0 = Debug|Any CPU
		{94F80A57-6B89-4D11-81FE-DC1033F97B5A}.Release|Any CPU.ActiveCfg = Release|Any CPU
		{94F80A57-6B89-4D11-81FE-DC1033F97B5A}.Release|Any CPU.Build.0 = Release|Any CPU
		{13F6BD31-BF7D-4564-B449-5B1119935596}.Debug|Any CPU.ActiveCfg = Debug|Any CPU
		{13F6BD31-BF7D-4564-B449-5B1119935596}.Debug|Any CPU.Build.0 = Debug|Any CPU
		{13F6BD31-BF7D-4564-B449-5B1119935596}.Release|Any CPU.ActiveCfg = Release|Any CPU
		{13F6BD31-BF7D-4564-B449-5B1119935596}.Release|Any CPU.Build.0 = Release|Any CPU
		{A43C4C84-1AE1-47DA-9292-A408FB45CD03}.Debug|Any CPU.ActiveCfg = Debug|Any CPU
		{A43C4C84-1AE1-47DA-9292-A408FB45CD03}.Debug|Any CPU.Build.0 = Debug|Any CPU
		{A43C4C84-1AE1-47DA-9292-A408FB45CD03}.Release|Any CPU.ActiveCfg = Release|Any CPU
		{A43C4C84-1AE1-47DA-9292-A408FB45CD03}.Release|Any CPU.Build.0 = Release|Any CPU
	EndGlobalSection
	GlobalSection(SolutionProperties) = preSolution
		HideSolutionNode = FALSE
	EndGlobalSection
	GlobalSection(ExtensibilityGlobals) = postSolution
		SolutionGuid = {F5C9DA05-807B-42FD-B0D2-716C89C868B8}
	EndGlobalSection
EndGlobal
